
Microsoft Visual Studio Solution File, Format Version 12.00
# Visual Studio Version 17
VisualStudioVersion = 17.10.35122.118
MinimumVisualStudioVersion = 10.0.40219.1
Project("{FAE04EC0-301F-11D3-BF4B-00C04F79EFBC}") = "OneSignControll", "OneSignControll\OneSignControll.csproj", "{A5D5199F-3AB7-4897-93D3-22C28924FDD2}"
EndProject
Global
	GlobalSection(SolutionConfigurationPlatforms) = preSolution
		Debug|Any CPU = Debug|Any CPU
		Release|Any CPU = Release|Any CPU
	EndGlobalSection
	GlobalSection(ProjectConfigurationPlatforms) = postSolution
		{A5D5199F-3AB7-4897-93D3-22C28924FDD2}.Debug|Any CPU.ActiveCfg = Release|Any CPU
		{A5D5199F-3AB7-4897-93D3-22C28924FDD2}.Debug|Any CPU.Build.0 = Release|Any CPU
		{A5D5199F-3AB7-4897-93D3-22C28924FDD2}.Release|Any CPU.ActiveCfg = Release|Any CPU
		{A5D5199F-3AB7-4897-93D3-22C28924FDD2}.Release|Any CPU.Build.0 = Release|Any CPU
	EndGlobalSection
	GlobalSection(SolutionProperties) = preSolution
		HideSolutionNode = FALSE
	EndGlobalSection
	GlobalSection(ExtensibilityGlobals) = postSolution
		SolutionGuid = {E30A20DD-5AF1-484B-A5C9-315B4EE8260C}
	EndGlobalSection
EndGlobal
